
Microsoft Visual Studio Solution File, Format Version 12.00
# Visual Studio 2012
Project("{FAE04EC0-301F-11D3-BF4B-00C04F79EFBC}") = "UdemExer01", "UdemExer01\UdemExer01.csproj", "{F6B29B3F-704A-4ABA-AB6A-8F3AB1E7FEA4}"
EndProject
Global
	GlobalSection(SolutionConfigurationPlatforms) = preSolution
		Debug|iPhoneSimulator = Debug|iPhoneSimulator
		Release|iPhone = Release|iPhone
		Release|iPhoneSimulator = Release|iPhoneSimulator
		Debug|iPhone = Debug|iPhone
	EndGlobalSection
	GlobalSection(ProjectConfigurationPlatforms) = postSolution
		{F6B29B3F-704A-4ABA-AB6A-8F3AB1E7FEA4}.Debug|iPhoneSimulator.ActiveCfg = Debug|iPhoneSimulator
		{F6B29B3F-704A-4ABA-AB6A-8F3AB1E7FEA4}.Debug|iPhoneSimulator.Build.0 = Debug|iPhoneSimulator
		{F6B29B3F-704A-4ABA-AB6A-8F3AB1E7FEA4}.Release|iPhone.ActiveCfg = Release|iPhone
		{F6B29B3F-704A-4ABA-AB6A-8F3AB1E7FEA4}.Release|iPhone.Build.0 = Release|iPhone
		{F6B29B3F-704A-4ABA-AB6A-8F3AB1E7FEA4}.Release|iPhoneSimulator.ActiveCfg = Release|iPhoneSimulator
		{F6B29B3F-704A-4ABA-AB6A-8F3AB1E7FEA4}.Release|iPhoneSimulator.Build.0 = Release|iPhoneSimulator
		{F6B29B3F-704A-4ABA-AB6A-8F3AB1E7FEA4}.Debug|iPhone.ActiveCfg = Debug|iPhone
		{F6B29B3F-704A-4ABA-AB6A-8F3AB1E7FEA4}.Debug|iPhone.Build.0 = Debug|iPhone
	EndGlobalSection
EndGlobal
